
Microsoft Visual Studio Solution File, Format Version 12.00
# Visual Studio Version 17
VisualStudioVersion = 17.3.32804.467
MinimumVisualStudioVersion = 10.0.40219.1
Project("{FAE04EC0-301F-11D3-BF4B-00C04F79EFBC}") = "NUnitTestProject", "NUnitTestProject\NUnitTestProject.csproj", "{556893A1-C870-452A-A3BF-EBCFE14BDB9F}"
EndProject
Global
	GlobalSection(SolutionConfigurationPlatforms) = preSolution
		Debug|Any CPU = Debug|Any CPU
		Release|Any CPU = Release|Any CPU
	EndGlobalSection
	GlobalSection(ProjectConfigurationPlatforms) = postSolution
		{556893A1-C870-452A-A3BF-EBCFE14BDB9F}.Debug|Any CPU.ActiveCfg = Debug|Any CPU
		{556893A1-C870-452A-A3BF-EBCFE14BDB9F}.Debug|Any CPU.Build.0 = Debug|Any CPU
		{556893A1-C870-452A-A3BF-EBCFE14BDB9F}.Release|Any CPU.ActiveCfg = Release|Any CPU
		{556893A1-C870-452A-A3BF-EBCFE14BDB9F}.Release|Any CPU.Build.0 = Release|Any CPU
	EndGlobalSection
	GlobalSection(SolutionProperties) = preSolution
		HideSolutionNode = FALSE
	EndGlobalSection
	GlobalSection(ExtensibilityGlobals) = postSolution
		SolutionGuid = {E485FE93-8A39-4F02-BA69-45B615A69F9E}
	EndGlobalSection
EndGlobal
